
Microsoft Visual Studio Solution File, Format Version 12.00
# Visual Studio Version 16
VisualStudioVersion = 16.0.31205.134
MinimumVisualStudioVersion = 10.0.40219.1
Project("{FAE04EC0-301F-11D3-BF4B-00C04F79EFBC}") = "BoxOfT", "Box\BoxOfT.csproj", "{8AE2D592-EDEF-4B95-93A2-CE1F38FC5B90}"
EndProject
Project("{FAE04EC0-301F-11D3-BF4B-00C04F79EFBC}") = "GenericArrayCreator", "GenericArrayCreator\GenericArrayCreator.csproj", "{57FF4238-1EB0-4F2C-B9EA-24597C93877C}"
EndProject
Global
	GlobalSection(SolutionConfigurationPlatforms) = preSolution
		Debug|Any CPU = Debug|Any CPU
		Release|Any CPU = Release|Any CPU
	EndGlobalSection
	GlobalSection(ProjectConfigurationPlatforms) = postSolution
		{8AE2D592-EDEF-4B95-93A2-CE1F38FC5B90}.Debug|Any CPU.ActiveCfg = Debug|Any CPU
		{8AE2D592-EDEF-4B95-93A2-CE1F38FC5B90}.Debug|Any CPU.Build.0 = Debug|Any CPU
		{8AE2D592-EDEF-4B95-93A2-CE1F38FC5B90}.Release|Any CPU.ActiveCfg = Release|Any CPU
		{8AE2D592-EDEF-4B95-93A2-CE1F38FC5B90}.Release|Any CPU.Build.0 = Release|Any CPU
		{57FF4238-1EB0-4F2C-B9EA-24597C93877C}.Debug|Any CPU.ActiveCfg = Debug|Any CPU
		{57FF4238-1EB0-4F2C-B9EA-24597C93877C}.Debug|Any CPU.Build.0 = Debug|Any CPU
		{57FF4238-1EB0-4F2C-B9EA-24597C93877C}.Release|Any CPU.ActiveCfg = Release|Any CPU
		{57FF4238-1EB0-4F2C-B9EA-24597C93877C}.Release|Any CPU.Build.0 = Release|Any CPU
	EndGlobalSection
	GlobalSection(SolutionProperties) = preSolution
		HideSolutionNode = FALSE
	EndGlobalSection
	GlobalSection(ExtensibilityGlobals) = postSolution
		SolutionGuid = {D0386696-450F-434A-9B04-9B84D1D57E5D}
	EndGlobalSection
EndGlobal
