
Microsoft Visual Studio Solution File, Format Version 12.00
# Visual Studio Version 16
VisualStudioVersion = 16.0.31025.194
MinimumVisualStudioVersion = 10.0.40219.1
Project("{FAE04EC0-301F-11D3-BF4B-00C04F79EFBC}") = "ActionPrint", "ActionPrint\ActionPrint.csproj", "{4102065F-4F64-4D49-8166-4207C8E86B20}"
EndProject
Global
	GlobalSection(SolutionConfigurationPlatforms) = preSolution
		Debug|Any CPU = Debug|Any CPU
		Release|Any CPU = Release|Any CPU
	EndGlobalSection
	GlobalSection(ProjectConfigurationPlatforms) = postSolution
		{4102065F-4F64-4D49-8166-4207C8E86B20}.Debug|Any CPU.ActiveCfg = Debug|Any CPU
		{4102065F-4F64-4D49-8166-4207C8E86B20}.Debug|Any CPU.Build.0 = Debug|Any CPU
		{4102065F-4F64-4D49-8166-4207C8E86B20}.Release|Any CPU.ActiveCfg = Release|Any CPU
		{4102065F-4F64-4D49-8166-4207C8E86B20}.Release|Any CPU.Build.0 = Release|Any CPU
	EndGlobalSection
	GlobalSection(SolutionProperties) = preSolution
		HideSolutionNode = FALSE
	EndGlobalSection
	GlobalSection(ExtensibilityGlobals) = postSolution
		SolutionGuid = {37BA909C-69B3-4BD8-AC95-A0291435FC62}
	EndGlobalSection
EndGlobal
