
Microsoft Visual Studio Solution File, Format Version 12.00
# Visual Studio Version 16
VisualStudioVersion = 16.0.30611.23
MinimumVisualStudioVersion = 10.0.40219.1
Project("{9A19103F-16F7-4668-BE54-9A1E7A4F7556}") = "1. Diagonal Difference", "1. Diagonal Difference\1. Diagonal Difference.csproj", "{BDBD209D-7835-4F71-8C3D-2C2F09197B8F}"
EndProject
Project("{9A19103F-16F7-4668-BE54-9A1E7A4F7556}") = "2. Squares in Matrix", "2. Squares in Matrix\2. Squares in Matrix.csproj", "{94A07003-CEEF-4491-964A-D9435B12F0A5}"
EndProject
Project("{9A19103F-16F7-4668-BE54-9A1E7A4F7556}") = "3. Maximal Sum", "3. Maximal Sum\3. Maximal Sum.csproj", "{FE25FE80-1836-43E8-BF80-27717984C96E}"
EndProject
Project("{9A19103F-16F7-4668-BE54-9A1E7A4F7556}") = "4. Matrix Shuffling", "4. Matrix Shuffling\4. Matrix Shuffling.csproj", "{5CD37926-F39D-4418-9A9B-01CFB8BCB937}"
EndProject
Project("{9A19103F-16F7-4668-BE54-9A1E7A4F7556}") = "5. Snake Moves", "5. Snake Moves\5. Snake Moves.csproj", "{A405B844-3B48-46E3-92C1-CF9B4CA5F7A0}"
EndProject
Project("{9A19103F-16F7-4668-BE54-9A1E7A4F7556}") = "6. Jagged Array Manipulator", "6. Jagged Array Manipulator\6. Jagged Array Manipulator.csproj", "{8E1DC3D4-25B0-449A-B1C3-239117483064}"
EndProject
Project("{9A19103F-16F7-4668-BE54-9A1E7A4F7556}") = "7. Knight Game", "7. Knight Game\7. Knight Game.csproj", "{84AA771D-FECD-4865-B35B-ECFBE7031FC2}"
EndProject
Project("{FAE04EC0-301F-11D3-BF4B-00C04F79EFBC}") = "8. Bombs", "8. Bombs\8. Bombs.csproj", "{B17D1739-F76D-4122-9863-E52A721B7ACF}"
EndProject
Project("{FAE04EC0-301F-11D3-BF4B-00C04F79EFBC}") = "9. Miner", "9. Miner\9. Miner.csproj", "{EA1A15F3-0456-41C9-9EAB-A810A239CD10}"
EndProject
Project("{FAE04EC0-301F-11D3-BF4B-00C04F79EFBC}") = "10. Radioactive Mutant Vampire Bunnies", "10. Radioactive Mutant Vampire Bunnies\10. Radioactive Mutant Vampire Bunnies.csproj", "{9029AD85-ACE7-441C-949A-1D9EC23CACCF}"
EndProject
Global
	GlobalSection(SolutionConfigurationPlatforms) = preSolution
		Debug|Any CPU = Debug|Any CPU
		Release|Any CPU = Release|Any CPU
	EndGlobalSection
	GlobalSection(ProjectConfigurationPlatforms) = postSolution
		{BDBD209D-7835-4F71-8C3D-2C2F09197B8F}.Debug|Any CPU.ActiveCfg = Debug|Any CPU
		{BDBD209D-7835-4F71-8C3D-2C2F09197B8F}.Debug|Any CPU.Build.0 = Debug|Any CPU
		{BDBD209D-7835-4F71-8C3D-2C2F09197B8F}.Release|Any CPU.ActiveCfg = Release|Any CPU
		{BDBD209D-7835-4F71-8C3D-2C2F09197B8F}.Release|Any CPU.Build.0 = Release|Any CPU
		{94A07003-CEEF-4491-964A-D9435B12F0A5}.Debug|Any CPU.ActiveCfg = Debug|Any CPU
		{94A07003-CEEF-4491-964A-D9435B12F0A5}.Debug|Any CPU.Build.0 = Debug|Any CPU
		{94A07003-CEEF-4491-964A-D9435B12F0A5}.Release|Any CPU.ActiveCfg = Release|Any CPU
		{94A07003-CEEF-4491-964A-D9435B12F0A5}.Release|Any CPU.Build.0 = Release|Any CPU
		{FE25FE80-1836-43E8-BF80-27717984C96E}.Debug|Any CPU.ActiveCfg = Debug|Any CPU
		{FE25FE80-1836-43E8-BF80-27717984C96E}.Debug|Any CPU.Build.0 = Debug|Any CPU
		{FE25FE80-1836-43E8-BF80-27717984C96E}.Release|Any CPU.ActiveCfg = Release|Any CPU
		{FE25FE80-1836-43E8-BF80-27717984C96E}.Release|Any CPU.Build.0 = Release|Any CPU
		{5CD37926-F39D-4418-9A9B-01CFB8BCB937}.Debug|Any CPU.ActiveCfg = Debug|Any CPU
		{5CD37926-F39D-4418-9A9B-01CFB8BCB937}.Debug|Any CPU.Build.0 = Debug|Any CPU
		{5CD37926-F39D-4418-9A9B-01CFB8BCB937}.Release|Any CPU.ActiveCfg = Release|Any CPU
		{5CD37926-F39D-4418-9A9B-01CFB8BCB937}.Release|Any CPU.Build.0 = Release|Any CPU
		{A405B844-3B48-46E3-92C1-CF9B4CA5F7A0}.Debug|Any CPU.ActiveCfg = Debug|Any CPU
		{A405B844-3B48-46E3-92C1-CF9B4CA5F7A0}.Debug|Any CPU.Build.0 = Debug|Any CPU
		{A405B844-3B48-46E3-92C1-CF9B4CA5F7A0}.Release|Any CPU.ActiveCfg = Release|Any CPU
		{A405B844-3B48-46E3-92C1-CF9B4CA5F7A0}.Release|Any CPU.Build.0 = Release|Any CPU
		{8E1DC3D4-25B0-449A-B1C3-239117483064}.Debug|Any CPU.ActiveCfg = Debug|Any CPU
		{8E1DC3D4-25B0-449A-B1C3-239117483064}.Debug|Any CPU.Build.0 = Debug|Any CPU
		{8E1DC3D4-25B0-449A-B1C3-239117483064}.Release|Any CPU.ActiveCfg = Release|Any CPU
		{8E1DC3D4-25B0-449A-B1C3-239117483064}.Release|Any CPU.Build.0 = Release|Any CPU
		{84AA771D-FECD-4865-B35B-ECFBE7031FC2}.Debug|Any CPU.ActiveCfg = Debug|Any CPU
		{84AA771D-FECD-4865-B35B-ECFBE7031FC2}.Debug|Any CPU.Build.0 = Debug|Any CPU
		{84AA771D-FECD-4865-B35B-ECFBE7031FC2}.Release|Any CPU.ActiveCfg = Release|Any CPU
		{84AA771D-FECD-4865-B35B-ECFBE7031FC2}.Release|Any CPU.Build.0 = Release|Any CPU
		{B17D1739-F76D-4122-9863-E52A721B7ACF}.Debug|Any CPU.ActiveCfg = Debug|Any CPU
		{B17D1739-F76D-4122-9863-E52A721B7ACF}.Debug|Any CPU.Build.0 = Debug|Any CPU
		{B17D1739-F76D-4122-9863-E52A721B7ACF}.Release|Any CPU.ActiveCfg = Release|Any CPU
		{B17D1739-F76D-4122-9863-E52A721B7ACF}.Release|Any CPU.Build.0 = Release|Any CPU
		{EA1A15F3-0456-41C9-9EAB-A810A239CD10}.Debug|Any CPU.ActiveCfg = Debug|Any CPU
		{EA1A15F3-0456-41C9-9EAB-A810A239CD10}.Debug|Any CPU.Build.0 = Debug|Any CPU
		{EA1A15F3-0456-41C9-9EAB-A810A239CD10}.Release|Any CPU.ActiveCfg = Release|Any CPU
		{EA1A15F3-0456-41C9-9EAB-A810A239CD10}.Release|Any CPU.Build.0 = Release|Any CPU
		{9029AD85-ACE7-441C-949A-1D9EC23CACCF}.Debug|Any CPU.ActiveCfg = Debug|Any CPU
		{9029AD85-ACE7-441C-949A-1D9EC23CACCF}.Debug|Any CPU.Build.0 = Debug|Any CPU
		{9029AD85-ACE7-441C-949A-1D9EC23CACCF}.Release|Any CPU.ActiveCfg = Release|Any CPU
		{9029AD85-ACE7-441C-949A-1D9EC23CACCF}.Release|Any CPU.Build.0 = Release|Any CPU
	EndGlobalSection
	GlobalSection(SolutionProperties) = preSolution
		HideSolutionNode = FALSE
	EndGlobalSection
	GlobalSection(ExtensibilityGlobals) = postSolution
		SolutionGuid = {5ABCB490-688F-411B-984C-06E069005C89}
	EndGlobalSection
EndGlobal
